
Microsoft Visual Studio Solution File, Format Version 12.00
# Visual Studio Version 16
VisualStudioVersion = 16.0.32126.315
MinimumVisualStudioVersion = 10.0.40219.1
Project("{8BC9CEB8-8B4A-11D0-8D11-00A0C91BC942}") = "storage class specifier 79.1", "storage class specifier 79.1\storage class specifier 79.1.vcxproj", "{AE65D212-D786-40EF-89EF-056311DDB37E}"
EndProject
Global
	GlobalSection(SolutionConfigurationPlatforms) = preSolution
		Debug|x64 = Debug|x64
		Debug|x86 = Debug|x86
		Release|x64 = Release|x64
		Release|x86 = Release|x86
	EndGlobalSection
	GlobalSection(ProjectConfigurationPlatforms) = postSolution
		{AE65D212-D786-40EF-89EF-056311DDB37E}.Debug|x64.ActiveCfg = Debug|x64
		{AE65D212-D786-40EF-89EF-056311DDB37E}.Debug|x64.Build.0 = Debug|x64
		{AE65D212-D786-40EF-89EF-056311DDB37E}.Debug|x86.ActiveCfg = Debug|Win32
		{AE65D212-D786-40EF-89EF-056311DDB37E}.Debug|x86.Build.0 = Debug|Win32
		{AE65D212-D786-40EF-89EF-056311DDB37E}.Release|x64.ActiveCfg = Release|x64
		{AE65D212-D786-40EF-89EF-056311DDB37E}.Release|x64.Build.0 = Release|x64
		{AE65D212-D786-40EF-89EF-056311DDB37E}.Release|x86.ActiveCfg = Release|Win32
		{AE65D212-D786-40EF-89EF-056311DDB37E}.Release|x86.Build.0 = Release|Win32
	EndGlobalSection
	GlobalSection(SolutionProperties) = preSolution
		HideSolutionNode = FALSE
	EndGlobalSection
	GlobalSection(ExtensibilityGlobals) = postSolution
		SolutionGuid = {480C03AF-C9F7-4084-AC35-F8FB817549BE}
	EndGlobalSection
EndGlobal
