
Microsoft Visual Studio Solution File, Format Version 12.00
# Visual Studio Version 16
VisualStudioVersion = 16.0.32126.315
MinimumVisualStudioVersion = 10.0.40219.1
Project("{8BC9CEB8-8B4A-11D0-8D11-00A0C91BC942}") = "bubblesort73.1", "bubblesort73.1\bubblesort73.1.vcxproj", "{D036EA4A-61AC-4FCC-8B27-DEA2FDFFC5FE}"
EndProject
Global
	GlobalSection(SolutionConfigurationPlatforms) = preSolution
		Debug|x64 = Debug|x64
		Debug|x86 = Debug|x86
		Release|x64 = Release|x64
		Release|x86 = Release|x86
	EndGlobalSection
	GlobalSection(ProjectConfigurationPlatforms) = postSolution
		{D036EA4A-61AC-4FCC-8B27-DEA2FDFFC5FE}.Debug|x64.ActiveCfg = Debug|x64
		{D036EA4A-61AC-4FCC-8B27-DEA2FDFFC5FE}.Debug|x64.Build.0 = Debug|x64
		{D036EA4A-61AC-4FCC-8B27-DEA2FDFFC5FE}.Debug|x86.ActiveCfg = Debug|Win32
		{D036EA4A-61AC-4FCC-8B27-DEA2FDFFC5FE}.Debug|x86.Build.0 = Debug|Win32
		{D036EA4A-61AC-4FCC-8B27-DEA2FDFFC5FE}.Release|x64.ActiveCfg = Release|x64
		{D036EA4A-61AC-4FCC-8B27-DEA2FDFFC5FE}.Release|x64.Build.0 = Release|x64
		{D036EA4A-61AC-4FCC-8B27-DEA2FDFFC5FE}.Release|x86.ActiveCfg = Release|Win32
		{D036EA4A-61AC-4FCC-8B27-DEA2FDFFC5FE}.Release|x86.Build.0 = Release|Win32
	EndGlobalSection
	GlobalSection(SolutionProperties) = preSolution
		HideSolutionNode = FALSE
	EndGlobalSection
	GlobalSection(ExtensibilityGlobals) = postSolution
		SolutionGuid = {091B0D36-0FEE-4187-97C3-7498DADF275C}
	EndGlobalSection
EndGlobal
